{
  "name": "npm-eslint-prettier",
  "version": "0.0.0",
  "lockfileVersion": 3,
  "requires": true,
  "packages": {
    "": {
      "name": "npm-eslint-prettier",
      "version": "0.0.0",
      "devDependencies": {
        "eslint": "9.37.0",
        "prettier": "3.6.2",
        "typescript": "5.9.3"
      }
    }
  }
}
